# @generated - this file is auto-generated by `mise lock` https://mise.en.dev/dev-tools/mise-lock.html

[[tools.gitleaks]]
version = "8.30.1"
backend = "aqua:gitleaks/gitleaks"

[[tools.lychee]]
version = "0.24.2"
backend = "aqua:lycheeverse/lychee"

[[tools.rumdl]]
version = "0.2.2"
backend = "aqua:rvben/rumdl"

[[tools.uv]]
version = "0.11.2"
backend = "aqua:astral-sh/uv"
